Microsoft Visual Studio Solution File, Format Version 12.00
# Visual Studio Version 17
VisualStudioVersion = 17.5.2.0
MinimumVisualStudioVersion = 10.0.40219.1
Project("{FAE04EC0-301F-11D3-BF4B-00C04F79EFBC}") = "LarsaComponents", "LarsaComponents.csproj", "{B791DF73-6BEF-82DB-6696-9439603BEFB8}"
EndProject
Global
	GlobalSection(SolutionConfigurationPlatforms) = preSolution
		Debug|Any CPU = Debug|Any CPU
		Release|Any CPU = Release|Any CPU
	EndGlobalSection
	GlobalSection(ProjectConfigurationPlatforms) = postSolution
		{B791DF73-6BEF-82DB-6696-9439603BEFB8}.Debug|Any CPU.ActiveCfg = Debug|Any CPU
		{B791DF73-6BEF-82DB-6696-9439603BEFB8}.Debug|Any CPU.Build.0 = Debug|Any CPU
		{B791DF73-6BEF-82DB-6696-9439603BEFB8}.Release|Any CPU.ActiveCfg = Release|Any CPU
		{B791DF73-6BEF-82DB-6696-9439603BEFB8}.Release|Any CPU.Build.0 = Release|Any CPU
	EndGlobalSection
	GlobalSection(SolutionProperties) = preSolution
		HideSolutionNode = FALSE
	EndGlobalSection
	GlobalSection(ExtensibilityGlobals) = postSolution
		SolutionGuid = {0CBDB3A5-E51F-4044-8EBD-FAEE88C1AC44}
	EndGlobalSection
EndGlobal
